Microsoft Visual Studio Solution File, Format Version 12.00
# Visual Studio Version 17
VisualStudioVersion = 17.5.2.0
MinimumVisualStudioVersion = 10.0.40219.1
Project("{2150E333-8FDC-42A3-9474-1A3956D46DE8}") = "src", "src", "{827E0CD3-B72D-47B6-A68D-7590B98EB39B}"
EndProject
Project("{2150E333-8FDC-42A3-9474-1A3956D46DE8}") = "test", "test", "{0C88DD14-F956-CE84-757C-A364CCF449FC}"
EndProject
Project("{FAE04EC0-301F-11D3-BF4B-00C04F79EFBC}") = "myDotnetFunction", "src\myDotnetFunction\myDotnetFunction.csproj", "{31F45807-773F-E2FD-C487-BFB296B1BE07}"
EndProject
Project("{FAE04EC0-301F-11D3-BF4B-00C04F79EFBC}") = "myDotnetFunction.Tests", "test\myDotnetFunction.Tests\myDotnetFunction.Tests.csproj", "{88EC87B9-6CF8-5B46-B748-0BD6EB97254C}"
EndProject
Global
	GlobalSection(SolutionConfigurationPlatforms) = preSolution
		Debug|Any CPU = Debug|Any CPU
		Release|Any CPU = Release|Any CPU
	EndGlobalSection
	GlobalSection(ProjectConfigurationPlatforms) = postSolution
		{31F45807-773F-E2FD-C487-BFB296B1BE07}.Debug|Any CPU.ActiveCfg = Debug|Any CPU
		{31F45807-773F-E2FD-C487-BFB296B1BE07}.Debug|Any CPU.Build.0 = Debug|Any CPU
		{31F45807-773F-E2FD-C487-BFB296B1BE07}.Release|Any CPU.ActiveCfg = Release|Any CPU
		{31F45807-773F-E2FD-C487-BFB296B1BE07}.Release|Any CPU.Build.0 = Release|Any CPU
		{88EC87B9-6CF8-5B46-B748-0BD6EB97254C}.Debug|Any CPU.ActiveCfg = Debug|Any CPU
		{88EC87B9-6CF8-5B46-B748-0BD6EB97254C}.Debug|Any CPU.Build.0 = Debug|Any CPU
		{88EC87B9-6CF8-5B46-B748-0BD6EB97254C}.Release|Any CPU.ActiveCfg = Release|Any CPU
		{88EC87B9-6CF8-5B46-B748-0BD6EB97254C}.Release|Any CPU.Build.0 = Release|Any CPU
	EndGlobalSection
	GlobalSection(SolutionProperties) = preSolution
		HideSolutionNode = FALSE
	EndGlobalSection
	GlobalSection(NestedProjects) = preSolution
		{31F45807-773F-E2FD-C487-BFB296B1BE07} = {827E0CD3-B72D-47B6-A68D-7590B98EB39B}
		{88EC87B9-6CF8-5B46-B748-0BD6EB97254C} = {0C88DD14-F956-CE84-757C-A364CCF449FC}
	EndGlobalSection
	GlobalSection(ExtensibilityGlobals) = postSolution
		SolutionGuid = {28A22981-B454-4760-BD45-129DCB9E74D2}
	EndGlobalSection
EndGlobal
